
Microsoft Visual Studio Solution File, Format Version 11.00
# Visual Studio 2010
Project("{FAE04EC0-301F-11D3-BF4B-00C04F79EFBC}") = "ICS161-Game-3", "Assembly-CSharp.csproj", "{26E58D5D-02A7-26CA-814B-91E977F93F2C}"
EndProject
Global
	GlobalSection(SolutionConfigurationPlatforms) = preSolution
		Debug|Any CPU = Debug|Any CPU
		Release|Any CPU = Release|Any CPU
	EndGlobalSection
	GlobalSection(ProjectConfigurationPlatforms) = postSolution
		{26E58D5D-02A7-26CA-814B-91E977F93F2C}.Debug|Any CPU.ActiveCfg = Debug|Any CPU
		{26E58D5D-02A7-26CA-814B-91E977F93F2C}.Debug|Any CPU.Build.0 = Debug|Any CPU
		{26E58D5D-02A7-26CA-814B-91E977F93F2C}.Release|Any CPU.ActiveCfg = Release|Any CPU
		{26E58D5D-02A7-26CA-814B-91E977F93F2C}.Release|Any CPU.Build.0 = Release|Any CPU
	EndGlobalSection
	GlobalSection(SolutionProperties) = preSolution
		HideSolutionNode = FALSE
	EndGlobalSection
	GlobalSection(MonoDevelopProperties) = preSolution
		StartupItem = Assembly-CSharp.csproj
	EndGlobalSection
EndGlobal
